
Microsoft Visual Studio Solution File, Format Version 12.00
# Visual Studio Version 17
VisualStudioVersion = 17.0.32112.339
MinimumVisualStudioVersion = 10.0.40219.1
Project("{FAE04EC0-301F-11D3-BF4B-00C04F79EFBC}") = "TodoApi", "TodoApi\TodoApi.csproj", "{BD852949-4DF7-4107-9370-F8EFE3E25A6A}"
EndProject
Global
	GlobalSection(SolutionConfigurationPlatforms) = preSolution
		Debug|Any CPU = Debug|Any CPU
		Release|Any CPU = Release|Any CPU
	EndGlobalSection
	GlobalSection(ProjectConfigurationPlatforms) = postSolution
		{BD852949-4DF7-4107-9370-F8EFE3E25A6A}.Debug|Any CPU.ActiveCfg = Debug|Any CPU
		{BD852949-4DF7-4107-9370-F8EFE3E25A6A}.Debug|Any CPU.Build.0 = Debug|Any CPU
		{BD852949-4DF7-4107-9370-F8EFE3E25A6A}.Release|Any CPU.ActiveCfg = Release|Any CPU
		{BD852949-4DF7-4107-9370-F8EFE3E25A6A}.Release|Any CPU.Build.0 = Release|Any CPU
	EndGlobalSection
	GlobalSection(SolutionProperties) = preSolution
		HideSolutionNode = FALSE
	EndGlobalSection
	GlobalSection(ExtensibilityGlobals) = postSolution
		SolutionGuid = {22F204F6-7AFE-464E-9C12-DE89260DE43C}
	EndGlobalSection
EndGlobal
